
Microsoft Visual Studio Solution File, Format Version 12.00
# Visual Studio Version 17
VisualStudioVersion = 17.9.34607.119
MinimumVisualStudioVersion = 10.0.40219.1
Project("{FAE04EC0-301F-11D3-BF4B-00C04F79EFBC}") = "Ventes_Consoles", "Ventes_Consoles.csproj", "{001AF88B-CCFF-4699-9E7A-8E78E7462ADD}"
EndProject
Global
	GlobalSection(SolutionConfigurationPlatforms) = preSolution
		Debug|Any CPU = Debug|Any CPU
		Release|Any CPU = Release|Any CPU
	EndGlobalSection
	GlobalSection(ProjectConfigurationPlatforms) = postSolution
		{001AF88B-CCFF-4699-9E7A-8E78E7462ADD}.Debug|Any CPU.ActiveCfg = Debug|Any CPU
		{001AF88B-CCFF-4699-9E7A-8E78E7462ADD}.Debug|Any CPU.Build.0 = Debug|Any CPU
		{001AF88B-CCFF-4699-9E7A-8E78E7462ADD}.Release|Any CPU.ActiveCfg = Release|Any CPU
		{001AF88B-CCFF-4699-9E7A-8E78E7462ADD}.Release|Any CPU.Build.0 = Release|Any CPU
	EndGlobalSection
	GlobalSection(SolutionProperties) = preSolution
		HideSolutionNode = FALSE
	EndGlobalSection
	GlobalSection(ExtensibilityGlobals) = postSolution
		SolutionGuid = {B5B635B1-051A-47E3-A649-F576F4497FE5}
	EndGlobalSection
EndGlobal
